
Microsoft Visual Studio Solution File, Format Version 12.00
# Visual Studio Version 17
VisualStudioVersion = 17.0.31903.59
MinimumVisualStudioVersion = 10.0.40219.1
Project("{8BC9CEB8-8B4A-11D0-8D11-00A0C91BC942}") = "NG-DART", "NG-DART\NG-DART.vcxproj", "{248CD5CB-1AC7-4040-932F-436D924D9CBC}"
EndProject
Project("{8BC9CEB8-8B4A-11D0-8D11-00A0C91BC942}") = "NG-DART.CLR", "NG-DART.CLR\NG-DART.CLR.vcxproj", "{4C19A24A-5B79-4AC9-8AC6-70C15C40828F}"
EndProject
Project("{6EC3EE1D-3C4E-46DD-8F32-0CC8E7565705}") = "NG-DART.StructFilters", "NG-DART.StructFilters\NG-DART.StructFilters.fsproj", "{56981CD9-99AF-4C70-A149-80A378069C14}"
EndProject
Project("{9A19103F-16F7-4668-BE54-9A1E7A4F7556}") = "NG-DART.StructFilters.Views", "NG-DART.StructFilters.Views\NG-DART.StructFilters.Views.csproj", "{2231C9DA-55F3-4926-8ED8-BEF35D114EE4}"
EndProject
Project("{2150E333-8FDC-42A3-9474-1A3956D46DE8}") = "Solution Items", "Solution Items", "{DB3B8389-1DB0-49F3-B56A-05CF6DABF461}"
	ProjectSection(SolutionItems) = preProject
		Solution Items\compressFile.fsx = Solution Items\compressFile.fsx
		NuGet.Config = NuGet.Config
	EndProjectSection
EndProject
Global
	GlobalSection(SolutionConfigurationPlatforms) = preSolution
		Debug|x64 = Debug|x64
		Release|x64 = Release|x64
	EndGlobalSection
	GlobalSection(ProjectConfigurationPlatforms) = postSolution
		{248CD5CB-1AC7-4040-932F-436D924D9CBC}.Debug|x64.ActiveCfg = Debug|x64
		{248CD5CB-1AC7-4040-932F-436D924D9CBC}.Debug|x64.Build.0 = Debug|x64
		{248CD5CB-1AC7-4040-932F-436D924D9CBC}.Release|x64.ActiveCfg = Release|x64
		{248CD5CB-1AC7-4040-932F-436D924D9CBC}.Release|x64.Build.0 = Release|x64
		{4C19A24A-5B79-4AC9-8AC6-70C15C40828F}.Debug|x64.ActiveCfg = Debug|x64
		{4C19A24A-5B79-4AC9-8AC6-70C15C40828F}.Debug|x64.Build.0 = Debug|x64
		{4C19A24A-5B79-4AC9-8AC6-70C15C40828F}.Release|x64.ActiveCfg = Release|x64
		{4C19A24A-5B79-4AC9-8AC6-70C15C40828F}.Release|x64.Build.0 = Release|x64
		{56981CD9-99AF-4C70-A149-80A378069C14}.Debug|x64.ActiveCfg = Debug|Any CPU
		{56981CD9-99AF-4C70-A149-80A378069C14}.Debug|x64.Build.0 = Debug|Any CPU
		{56981CD9-99AF-4C70-A149-80A378069C14}.Release|x64.ActiveCfg = Release|Any CPU
		{56981CD9-99AF-4C70-A149-80A378069C14}.Release|x64.Build.0 = Release|Any CPU
		{2231C9DA-55F3-4926-8ED8-BEF35D114EE4}.Debug|x64.ActiveCfg = Debug|Any CPU
		{2231C9DA-55F3-4926-8ED8-BEF35D114EE4}.Debug|x64.Build.0 = Debug|Any CPU
		{2231C9DA-55F3-4926-8ED8-BEF35D114EE4}.Release|x64.ActiveCfg = Release|Any CPU
		{2231C9DA-55F3-4926-8ED8-BEF35D114EE4}.Release|x64.Build.0 = Release|Any CPU
	EndGlobalSection
	GlobalSection(SolutionProperties) = preSolution
		HideSolutionNode = FALSE
	EndGlobalSection
	GlobalSection(ExtensibilityGlobals) = postSolution
		SolutionGuid = {A394BD1F-9795-4865-874F-4AB7AAC6118E}
	EndGlobalSection
EndGlobal
